
Microsoft Visual Studio Solution File, Format Version 12.00
# Visual Studio Version 17
VisualStudioVersion = 17.8.34309.116
MinimumVisualStudioVersion = 10.0.40219.1
Project("{8BC9CEB8-8B4A-11D0-8D11-00A0C91BC942}") = "PG03_01", "PG03_01.vcxproj", "{B668E869-0366-4E4C-AA5A-0F38D46025D2}"
EndProject
Global
	GlobalSection(SolutionConfigurationPlatforms) = preSolution
		Debug|x64 = Debug|x64
		Release|x64 = Release|x64
	EndGlobalSection
	GlobalSection(ProjectConfigurationPlatforms) = postSolution
		{B668E869-0366-4E4C-AA5A-0F38D46025D2}.Debug|x64.ActiveCfg = Debug|x64
		{B668E869-0366-4E4C-AA5A-0F38D46025D2}.Debug|x64.Build.0 = Debug|x64
		{B668E869-0366-4E4C-AA5A-0F38D46025D2}.Release|x64.ActiveCfg = Release|x64
		{B668E869-0366-4E4C-AA5A-0F38D46025D2}.Release|x64.Build.0 = Release|x64
	EndGlobalSection
	GlobalSection(SolutionProperties) = preSolution
		HideSolutionNode = FALSE
	EndGlobalSection
	GlobalSection(ExtensibilityGlobals) = postSolution
		SolutionGuid = {664B1E08-5BA2-4E5A-831F-1391B4D4C20F}
	EndGlobalSection
EndGlobal
